
Microsoft Visual Studio Solution File, Format Version 12.00
# Visual Studio 15
VisualStudioVersion = 15.0.27004.2002
MinimumVisualStudioVersion = 10.0.40219.1
Project("{FAE04EC0-301F-11D3-BF4B-00C04F79EFBC}") = "02.AdvertisementMessage", "02.AdvertisementMessage\02.AdvertisementMessage.csproj", "{4D01585A-020B-4F62-A00F-E581A3F72FDA}"
EndProject
Project("{FAE04EC0-301F-11D3-BF4B-00C04F79EFBC}") = "04.AverageGrades", "04.AverageGrades\04.AverageGrades.csproj", "{D07E936C-DCAC-4878-A565-14900AF0A613}"
EndProject
Project("{FAE04EC0-301F-11D3-BF4B-00C04F79EFBC}") = "05.BookLibrary", "05.BookLibrary\05.BookLibrary.csproj", "{971D5C78-BDCF-4D83-83C0-430088F75176}"
EndProject
Project("{FAE04EC0-301F-11D3-BF4B-00C04F79EFBC}") = "06.BookLibraryModification", "06.BookLibraryModification\06.BookLibraryModification.csproj", "{97289F88-0D8D-4B99-9B95-2EEE361DA162}"
EndProject
Project("{FAE04EC0-301F-11D3-BF4B-00C04F79EFBC}") = "07.AndreyAndBillard", "07.AndreyAndBillard\07.AndreyAndBillard.csproj", "{BC55121A-770C-4501-BD7F-E5E9924F0465}"
EndProject
Project("{FAE04EC0-301F-11D3-BF4B-00C04F79EFBC}") = "08.MentorGroup", "08.MentorGroup\08.MentorGroup.csproj", "{2E657F10-D825-4D1E-BCC2-F90CF9DA4A49}"
EndProject
Project("{FAE04EC0-301F-11D3-BF4B-00C04F79EFBC}") = "09.TeamworkProjects", "09.TeamworkProjects\09.TeamworkProjects.csproj", "{5B935034-3B75-48EE-A371-26D72D7D8B29}"
EndProject
Project("{FAE04EC0-301F-11D3-BF4B-00C04F79EFBC}") = "01.CountWorkingDays", "01.CountWorkingDays\01.CountWorkingDays.csproj", "{C5FAD8DB-F5C6-4FD5-BA12-6F9E221E88E6}"
EndProject
Project("{FAE04EC0-301F-11D3-BF4B-00C04F79EFBC}") = "03.IntersectionOfCircles", "03.IntersectionOfCircles\03.IntersectionOfCircles.csproj", "{855BDB8A-62D8-4C4D-8A0A-3D70E5449B0B}"
EndProject
Project("{FAE04EC0-301F-11D3-BF4B-00C04F79EFBC}") = "10.StudentGroups", "10.StudentGroups\10.StudentGroups.csproj", "{4EC883BE-4074-4CF2-B8D0-D440455FC242}"
EndProject
Global
	GlobalSection(SolutionConfigurationPlatforms) = preSolution
		Debug|Any CPU = Debug|Any CPU
		Release|Any CPU = Release|Any CPU
	EndGlobalSection
	GlobalSection(ProjectConfigurationPlatforms) = postSolution
		{4D01585A-020B-4F62-A00F-E581A3F72FDA}.Debug|Any CPU.ActiveCfg = Debug|Any CPU
		{4D01585A-020B-4F62-A00F-E581A3F72FDA}.Debug|Any CPU.Build.0 = Debug|Any CPU
		{4D01585A-020B-4F62-A00F-E581A3F72FDA}.Release|Any CPU.ActiveCfg = Release|Any CPU
		{4D01585A-020B-4F62-A00F-E581A3F72FDA}.Release|Any CPU.Build.0 = Release|Any CPU
		{D07E936C-DCAC-4878-A565-14900AF0A613}.Debug|Any CPU.ActiveCfg = Debug|Any CPU
		{D07E936C-DCAC-4878-A565-14900AF0A613}.Debug|Any CPU.Build.0 = Debug|Any CPU
		{D07E936C-DCAC-4878-A565-14900AF0A613}.Release|Any CPU.ActiveCfg = Release|Any CPU
		{D07E936C-DCAC-4878-A565-14900AF0A613}.Release|Any CPU.Build.0 = Release|Any CPU
		{971D5C78-BDCF-4D83-83C0-430088F75176}.Debug|Any CPU.ActiveCfg = Debug|Any CPU
		{971D5C78-BDCF-4D83-83C0-430088F75176}.Debug|Any CPU.Build.0 = Debug|Any CPU
		{971D5C78-BDCF-4D83-83C0-430088F75176}.Release|Any CPU.ActiveCfg = Release|Any CPU
		{971D5C78-BDCF-4D83-83C0-430088F75176}.Release|Any CPU.Build.0 = Release|Any CPU
		{97289F88-0D8D-4B99-9B95-2EEE361DA162}.Debug|Any CPU.ActiveCfg = Debug|Any CPU
		{97289F88-0D8D-4B99-9B95-2EEE361DA162}.Debug|Any CPU.Build.0 = Debug|Any CPU
		{97289F88-0D8D-4B99-9B95-2EEE361DA162}.Release|Any CPU.ActiveCfg = Release|Any CPU
		{97289F88-0D8D-4B99-9B95-2EEE361DA162}.Release|Any CPU.Build.0 = Release|Any CPU
		{BC55121A-770C-4501-BD7F-E5E9924F0465}.Debug|Any CPU.ActiveCfg = Debug|Any CPU
		{BC55121A-770C-4501-BD7F-E5E9924F0465}.Debug|Any CPU.Build.0 = Debug|Any CPU
		{BC55121A-770C-4501-BD7F-E5E9924F0465}.Release|Any CPU.ActiveCfg = Release|Any CPU
		{BC55121A-770C-4501-BD7F-E5E9924F0465}.Release|Any CPU.Build.0 = Release|Any CPU
		{2E657F10-D825-4D1E-BCC2-F90CF9DA4A49}.Debug|Any CPU.ActiveCfg = Debug|Any CPU
		{2E657F10-D825-4D1E-BCC2-F90CF9DA4A49}.Debug|Any CPU.Build.0 = Debug|Any CPU
		{2E657F10-D825-4D1E-BCC2-F90CF9DA4A49}.Release|Any CPU.ActiveCfg = Release|Any CPU
		{2E657F10-D825-4D1E-BCC2-F90CF9DA4A49}.Release|Any CPU.Build.0 = Release|Any CPU
		{5B935034-3B75-48EE-A371-26D72D7D8B29}.Debug|Any CPU.ActiveCfg = Debug|Any CPU
		{5B935034-3B75-48EE-A371-26D72D7D8B29}.Debug|Any CPU.Build.0 = Debug|Any CPU
		{5B935034-3B75-48EE-A371-26D72D7D8B29}.Release|Any CPU.ActiveCfg = Release|Any CPU
		{5B935034-3B75-48EE-A371-26D72D7D8B29}.Release|Any CPU.Build.0 = Release|Any CPU
		{C5FAD8DB-F5C6-4FD5-BA12-6F9E221E88E6}.Debug|Any CPU.ActiveCfg = Debug|Any CPU
		{C5FAD8DB-F5C6-4FD5-BA12-6F9E221E88E6}.Debug|Any CPU.Build.0 = Debug|Any CPU
		{C5FAD8DB-F5C6-4FD5-BA12-6F9E221E88E6}.Release|Any CPU.ActiveCfg = Release|Any CPU
		{C5FAD8DB-F5C6-4FD5-BA12-6F9E221E88E6}.Release|Any CPU.Build.0 = Release|Any CPU
		{855BDB8A-62D8-4C4D-8A0A-3D70E5449B0B}.Debug|Any CPU.ActiveCfg = Debug|Any CPU
		{855BDB8A-62D8-4C4D-8A0A-3D70E5449B0B}.Debug|Any CPU.Build.0 = Debug|Any CPU
		{855BDB8A-62D8-4C4D-8A0A-3D70E5449B0B}.Release|Any CPU.ActiveCfg = Release|Any CPU
		{855BDB8A-62D8-4C4D-8A0A-3D70E5449B0B}.Release|Any CPU.Build.0 = Release|Any CPU
		{4EC883BE-4074-4CF2-B8D0-D440455FC242}.Debug|Any CPU.ActiveCfg = Debug|Any CPU
		{4EC883BE-4074-4CF2-B8D0-D440455FC242}.Debug|Any CPU.Build.0 = Debug|Any CPU
		{4EC883BE-4074-4CF2-B8D0-D440455FC242}.Release|Any CPU.ActiveCfg = Release|Any CPU
		{4EC883BE-4074-4CF2-B8D0-D440455FC242}.Release|Any CPU.Build.0 = Release|Any CPU
	EndGlobalSection
	GlobalSection(SolutionProperties) = preSolution
		HideSolutionNode = FALSE
	EndGlobalSection
	GlobalSection(ExtensibilityGlobals) = postSolution
		SolutionGuid = {B45D851A-7AA0-46D9-A758-1F00C7817718}
	EndGlobalSection
EndGlobal
